
Microsoft Visual Studio Solution File, Format Version 12.00
# Visual Studio Version 16
VisualStudioVersion = 16.0.33027.164
MinimumVisualStudioVersion = 10.0.40219.1
Project("{D2ABAB84-BF74-430A-B69E-9DC6D40DDA17}") = "cube_sales_person", "cube_sales_person\cube_sales_person.dwproj", "{A6F8203B-B1C3-4445-9CC9-A8EC9019B8D8}"
EndProject
Global
	GlobalSection(SolutionConfigurationPlatforms) = preSolution
		Development|Default = Development|Default
	EndGlobalSection
	GlobalSection(ProjectConfigurationPlatforms) = postSolution
		{A6F8203B-B1C3-4445-9CC9-A8EC9019B8D8}.Development|Default.ActiveCfg = Development
		{A6F8203B-B1C3-4445-9CC9-A8EC9019B8D8}.Development|Default.Build.0 = Development
		{A6F8203B-B1C3-4445-9CC9-A8EC9019B8D8}.Development|Default.Deploy.0 = Development
	EndGlobalSection
	GlobalSection(SolutionProperties) = preSolution
		HideSolutionNode = FALSE
	EndGlobalSection
	GlobalSection(ExtensibilityGlobals) = postSolution
		SolutionGuid = {6F9DD0F7-4178-4B5D-BBDA-B25BC831FEA9}
	EndGlobalSection
EndGlobal
